
Microsoft Visual Studio Solution File, Format Version 12.00
# Visual Studio 2013
VisualStudioVersion = 12.0.30723.0
MinimumVisualStudioVersion = 10.0.40219.1
Project("{FAE04EC0-301F-11D3-BF4B-00C04F79EFBC}") = "XGraph", "XGraph\XGraph.csproj", "{152277E0-4E7A-4586-BF49-05AC85CEAFC1}"
EndProject
Project("{2150E333-8FDC-42A3-9474-1A3956D46DE8}") = ".nuget", ".nuget", "{BC10FB4A-87AE-46B3-BE60-E66BAFDA9F5F}"
	ProjectSection(SolutionItems) = preProject
		.nuget\NuGet.Config = .nuget\NuGet.Config
		.nuget\NuGet.exe = .nuget\NuGet.exe
		.nuget\NuGet.targets = .nuget\NuGet.targets
	EndProjectSection
EndProject
Project("{FAE04EC0-301F-11D3-BF4B-00C04F79EFBC}") = "XGraph.TestApp", "XGraph.TestApp\XGraph.TestApp.csproj", "{FE1A4D3D-1D1E-4A3B-8480-1BD9AB0BC6D2}"
EndProject
Project("{FAE04EC0-301F-11D3-BF4B-00C04F79EFBC}") = "XGraph.Themes.ExpressionDark", "XGraph.Themes.ExpressionDark\XGraph.Themes.ExpressionDark.csproj", "{55B8CA16-753D-4063-B399-DBF9E9A9F4EF}"
EndProject
Global
	GlobalSection(SolutionConfigurationPlatforms) = preSolution
		Debug|x64 = Debug|x64
		Debug|x86 = Debug|x86
		Release|x64 = Release|x64
		Release|x86 = Release|x86
	EndGlobalSection
	GlobalSection(ProjectConfigurationPlatforms) = postSolution
		{152277E0-4E7A-4586-BF49-05AC85CEAFC1}.Debug|x64.ActiveCfg = Debug|x64
		{152277E0-4E7A-4586-BF49-05AC85CEAFC1}.Debug|x64.Build.0 = Debug|x64
		{152277E0-4E7A-4586-BF49-05AC85CEAFC1}.Debug|x86.ActiveCfg = Debug|x86
		{152277E0-4E7A-4586-BF49-05AC85CEAFC1}.Debug|x86.Build.0 = Debug|x86
		{152277E0-4E7A-4586-BF49-05AC85CEAFC1}.Release|x64.ActiveCfg = Release|x64
		{152277E0-4E7A-4586-BF49-05AC85CEAFC1}.Release|x64.Build.0 = Release|x64
		{152277E0-4E7A-4586-BF49-05AC85CEAFC1}.Release|x86.ActiveCfg = Release|x86
		{152277E0-4E7A-4586-BF49-05AC85CEAFC1}.Release|x86.Build.0 = Release|x86
		{FE1A4D3D-1D1E-4A3B-8480-1BD9AB0BC6D2}.Debug|x64.ActiveCfg = Debug|x64
		{FE1A4D3D-1D1E-4A3B-8480-1BD9AB0BC6D2}.Debug|x64.Build.0 = Debug|x64
		{FE1A4D3D-1D1E-4A3B-8480-1BD9AB0BC6D2}.Debug|x86.ActiveCfg = Debug|x86
		{FE1A4D3D-1D1E-4A3B-8480-1BD9AB0BC6D2}.Debug|x86.Build.0 = Debug|x86
		{FE1A4D3D-1D1E-4A3B-8480-1BD9AB0BC6D2}.Release|x64.ActiveCfg = Release|x64
		{FE1A4D3D-1D1E-4A3B-8480-1BD9AB0BC6D2}.Release|x64.Build.0 = Release|x64
		{FE1A4D3D-1D1E-4A3B-8480-1BD9AB0BC6D2}.Release|x86.ActiveCfg = Release|x86
		{FE1A4D3D-1D1E-4A3B-8480-1BD9AB0BC6D2}.Release|x86.Build.0 = Release|x86
		{55B8CA16-753D-4063-B399-DBF9E9A9F4EF}.Debug|x64.ActiveCfg = Debug|x64
		{55B8CA16-753D-4063-B399-DBF9E9A9F4EF}.Debug|x64.Build.0 = Debug|x64
		{55B8CA16-753D-4063-B399-DBF9E9A9F4EF}.Debug|x86.ActiveCfg = Debug|x86
		{55B8CA16-753D-4063-B399-DBF9E9A9F4EF}.Debug|x86.Build.0 = Debug|x86
		{55B8CA16-753D-4063-B399-DBF9E9A9F4EF}.Release|x64.ActiveCfg = Release|x64
		{55B8CA16-753D-4063-B399-DBF9E9A9F4EF}.Release|x64.Build.0 = Release|x64
		{55B8CA16-753D-4063-B399-DBF9E9A9F4EF}.Release|x86.ActiveCfg = Release|x86
		{55B8CA16-753D-4063-B399-DBF9E9A9F4EF}.Release|x86.Build.0 = Release|x86
	EndGlobalSection
	GlobalSection(SolutionProperties) = preSolution
		HideSolutionNode = FALSE
	EndGlobalSection
EndGlobal
